
Microsoft Visual Studio Solution File, Format Version 12.00
# Visual Studio Version 16
VisualStudioVersion = 16.0.32228.343
MinimumVisualStudioVersion = 10.0.40219.1
Project("{B1E792BE-AA5F-4E3C-8C82-674BF9C0715B}") = "IAS_Aufg5", "IAS_Aufg5\IAS_Aufg5.tsproj", "{7E9E952A-ABCC-431A-842E-99633755FD47}"
EndProject
Project("{FD9F1D59-E000-42F3-8744-88DE1BE93C06}") = "YT Scope Project Aufg5", "YT Scope Project Aufg5\YT Scope Project Aufg5.tcmproj", "{43A52D18-8A15-4171-A16E-91298A6A7E3A}"
EndProject
Global
	GlobalSection(SolutionConfigurationPlatforms) = preSolution
		Debug|TwinCAT CE7 (ARMV7) = Debug|TwinCAT CE7 (ARMV7)
		Debug|TwinCAT OS (ARMT2) = Debug|TwinCAT OS (ARMT2)
		Debug|TwinCAT RT (x64) = Debug|TwinCAT RT (x64)
		Debug|TwinCAT RT (x86) = Debug|TwinCAT RT (x86)
		Release|TwinCAT CE7 (ARMV7) = Release|TwinCAT CE7 (ARMV7)
		Release|TwinCAT OS (ARMT2) = Release|TwinCAT OS (ARMT2)
		Release|TwinCAT RT (x64) = Release|TwinCAT RT (x64)
		Release|TwinCAT RT (x86) = Release|TwinCAT RT (x86)
	EndGlobalSection
	GlobalSection(ProjectConfigurationPlatforms) = postSolution
		{7E9E952A-ABCC-431A-842E-99633755FD47}.Debug|TwinCAT CE7 (ARMV7).ActiveCfg = Debug|TwinCAT CE7 (ARMV7)
		{7E9E952A-ABCC-431A-842E-99633755FD47}.Debug|TwinCAT CE7 (ARMV7).Build.0 = Debug|TwinCAT CE7 (ARMV7)
		{7E9E952A-ABCC-431A-842E-99633755FD47}.Debug|TwinCAT OS (ARMT2).ActiveCfg = Debug|TwinCAT OS (ARMT2)
		{7E9E952A-ABCC-431A-842E-99633755FD47}.Debug|TwinCAT OS (ARMT2).Build.0 = Debug|TwinCAT OS (ARMT2)
		{7E9E952A-ABCC-431A-842E-99633755FD47}.Debug|TwinCAT RT (x64).ActiveCfg = Debug|TwinCAT RT (x64)
		{7E9E952A-ABCC-431A-842E-99633755FD47}.Debug|TwinCAT RT (x64).Build.0 = Debug|TwinCAT RT (x64)
		{7E9E952A-ABCC-431A-842E-99633755FD47}.Debug|TwinCAT RT (x86).ActiveCfg = Debug|TwinCAT RT (x86)
		{7E9E952A-ABCC-431A-842E-99633755FD47}.Debug|TwinCAT RT (x86).Build.0 = Debug|TwinCAT RT (x86)
		{7E9E952A-ABCC-431A-842E-99633755FD47}.Release|TwinCAT CE7 (ARMV7).ActiveCfg = Release|TwinCAT CE7 (ARMV7)
		{7E9E952A-ABCC-431A-842E-99633755FD47}.Release|TwinCAT CE7 (ARMV7).Build.0 = Release|TwinCAT CE7 (ARMV7)
		{7E9E952A-ABCC-431A-842E-99633755FD47}.Release|TwinCAT OS (ARMT2).ActiveCfg = Release|TwinCAT OS (ARMT2)
		{7E9E952A-ABCC-431A-842E-99633755FD47}.Release|TwinCAT OS (ARMT2).Build.0 = Release|TwinCAT OS (ARMT2)
		{7E9E952A-ABCC-431A-842E-99633755FD47}.Release|TwinCAT RT (x64).ActiveCfg = Release|TwinCAT RT (x64)
		{7E9E952A-ABCC-431A-842E-99633755FD47}.Release|TwinCAT RT (x64).Build.0 = Release|TwinCAT RT (x64)
		{7E9E952A-ABCC-431A-842E-99633755FD47}.Release|TwinCAT RT (x86).ActiveCfg = Release|TwinCAT RT (x86)
		{7E9E952A-ABCC-431A-842E-99633755FD47}.Release|TwinCAT RT (x86).Build.0 = Release|TwinCAT RT (x86)
		{3D695216-7E30-4029-90AC-F69810E73A66}.Debug|TwinCAT CE7 (ARMV7).ActiveCfg = Debug|TwinCAT CE7 (ARMV7)
		{3D695216-7E30-4029-90AC-F69810E73A66}.Debug|TwinCAT CE7 (ARMV7).Build.0 = Debug|TwinCAT CE7 (ARMV7)
		{3D695216-7E30-4029-90AC-F69810E73A66}.Debug|TwinCAT OS (ARMT2).ActiveCfg = Debug|TwinCAT OS (ARMT2)
		{3D695216-7E30-4029-90AC-F69810E73A66}.Debug|TwinCAT OS (ARMT2).Build.0 = Debug|TwinCAT OS (ARMT2)
		{3D695216-7E30-4029-90AC-F69810E73A66}.Debug|TwinCAT RT (x64).ActiveCfg = Debug|TwinCAT RT (x64)
		{3D695216-7E30-4029-90AC-F69810E73A66}.Debug|TwinCAT RT (x64).Build.0 = Debug|TwinCAT RT (x64)
		{3D695216-7E30-4029-90AC-F69810E73A66}.Debug|TwinCAT RT (x86).ActiveCfg = Debug|TwinCAT RT (x86)
		{3D695216-7E30-4029-90AC-F69810E73A66}.Debug|TwinCAT RT (x86).Build.0 = Debug|TwinCAT RT (x86)
		{3D695216-7E30-4029-90AC-F69810E73A66}.Release|TwinCAT CE7 (ARMV7).ActiveCfg = Release|TwinCAT CE7 (ARMV7)
		{3D695216-7E30-4029-90AC-F69810E73A66}.Release|TwinCAT CE7 (ARMV7).Build.0 = Release|TwinCAT CE7 (ARMV7)
		{3D695216-7E30-4029-90AC-F69810E73A66}.Release|TwinCAT OS (ARMT2).ActiveCfg = Release|TwinCAT OS (ARMT2)
		{3D695216-7E30-4029-90AC-F69810E73A66}.Release|TwinCAT OS (ARMT2).Build.0 = Release|TwinCAT OS (ARMT2)
		{3D695216-7E30-4029-90AC-F69810E73A66}.Release|TwinCAT RT (x64).ActiveCfg = Release|TwinCAT RT (x64)
		{3D695216-7E30-4029-90AC-F69810E73A66}.Release|TwinCAT RT (x64).Build.0 = Release|TwinCAT RT (x64)
		{3D695216-7E30-4029-90AC-F69810E73A66}.Release|TwinCAT RT (x86).ActiveCfg = Release|TwinCAT RT (x86)
		{3D695216-7E30-4029-90AC-F69810E73A66}.Release|TwinCAT RT (x86).Build.0 = Release|TwinCAT RT (x86)
		{43A52D18-8A15-4171-A16E-91298A6A7E3A}.Debug|TwinCAT CE7 (ARMV7).ActiveCfg = Debug|TwinCAT CE7 (ARMV7)
		{43A52D18-8A15-4171-A16E-91298A6A7E3A}.Debug|TwinCAT OS (ARMT2).ActiveCfg = Debug|TwinCAT OS (ARMT2)
		{43A52D18-8A15-4171-A16E-91298A6A7E3A}.Debug|TwinCAT RT (x64).ActiveCfg = Debug|TwinCAT RT (x64)
		{43A52D18-8A15-4171-A16E-91298A6A7E3A}.Debug|TwinCAT RT (x86).ActiveCfg = Debug|TwinCAT RT (x86)
		{43A52D18-8A15-4171-A16E-91298A6A7E3A}.Release|TwinCAT CE7 (ARMV7).ActiveCfg = Release|TwinCAT CE7 (ARMV7)
		{43A52D18-8A15-4171-A16E-91298A6A7E3A}.Release|TwinCAT OS (ARMT2).ActiveCfg = Release|TwinCAT OS (ARMT2)
		{43A52D18-8A15-4171-A16E-91298A6A7E3A}.Release|TwinCAT RT (x64).ActiveCfg = Release|TwinCAT RT (x64)
		{43A52D18-8A15-4171-A16E-91298A6A7E3A}.Release|TwinCAT RT (x86).ActiveCfg = Release|TwinCAT RT (x86)
	EndGlobalSection
	GlobalSection(SolutionProperties) = preSolution
		HideSolutionNode = FALSE
	EndGlobalSection
	GlobalSection(ExtensibilityGlobals) = postSolution
		SolutionGuid = {EF6052F4-F557-414B-9814-715DBBECB7A3}
	EndGlobalSection
EndGlobal
